
Microsoft Visual Studio Solution File, Format Version 12.00
# Visual Studio Version 17
VisualStudioVersion = 17.14.36202.13
MinimumVisualStudioVersion = 10.0.40219.1
Project("{FAE04EC0-301F-11D3-BF4B-00C04F79EFBC}") = "InfoComunas", "InfoComunas.csproj", "{079CEDC4-C79A-45D5-8FFB-0D8E5113C17A}"
EndProject
Project("{FAE04EC0-301F-11D3-BF4B-00C04F79EFBC}") = "RegionComunaLibrary", "..\RegionComunaLibrary\RegionComunaLibrary.csproj", "{FA9720C0-2640-4E24-9333-AFA6E02E5F54}"
EndProject
Project("{FAE04EC0-301F-11D3-BF4B-00C04F79EFBC}") = "RegionComunaAPi", "..\RegionComunaAPi\RegionComunaAPi.csproj", "{72663C69-9D92-48C5-BF72-6BB3CB44B8D2}"
EndProject
Project("{FAE04EC0-301F-11D3-BF4B-00C04F79EFBC}") = "RegionComunasMVC", "..\RegionComunasMVC\RegionComunasMVC.csproj", "{1CDD0425-428B-40F3-BCCD-0F2A99B98FFD}"
EndProject
Global
	GlobalSection(SolutionConfigurationPlatforms) = preSolution
		Debug|Any CPU = Debug|Any CPU
		Release|Any CPU = Release|Any CPU
	EndGlobalSection
	GlobalSection(ProjectConfigurationPlatforms) = postSolution
		{079CEDC4-C79A-45D5-8FFB-0D8E5113C17A}.Debug|Any CPU.ActiveCfg = Debug|Any CPU
		{079CEDC4-C79A-45D5-8FFB-0D8E5113C17A}.Debug|Any CPU.Build.0 = Debug|Any CPU
		{079CEDC4-C79A-45D5-8FFB-0D8E5113C17A}.Release|Any CPU.ActiveCfg = Release|Any CPU
		{079CEDC4-C79A-45D5-8FFB-0D8E5113C17A}.Release|Any CPU.Build.0 = Release|Any CPU
		{FA9720C0-2640-4E24-9333-AFA6E02E5F54}.Debug|Any CPU.ActiveCfg = Debug|Any CPU
		{FA9720C0-2640-4E24-9333-AFA6E02E5F54}.Debug|Any CPU.Build.0 = Debug|Any CPU
		{FA9720C0-2640-4E24-9333-AFA6E02E5F54}.Release|Any CPU.ActiveCfg = Release|Any CPU
		{FA9720C0-2640-4E24-9333-AFA6E02E5F54}.Release|Any CPU.Build.0 = Release|Any CPU
		{72663C69-9D92-48C5-BF72-6BB3CB44B8D2}.Debug|Any CPU.ActiveCfg = Debug|Any CPU
		{72663C69-9D92-48C5-BF72-6BB3CB44B8D2}.Debug|Any CPU.Build.0 = Debug|Any CPU
		{72663C69-9D92-48C5-BF72-6BB3CB44B8D2}.Release|Any CPU.ActiveCfg = Release|Any CPU
		{72663C69-9D92-48C5-BF72-6BB3CB44B8D2}.Release|Any CPU.Build.0 = Release|Any CPU
		{1CDD0425-428B-40F3-BCCD-0F2A99B98FFD}.Debug|Any CPU.ActiveCfg = Debug|Any CPU
		{1CDD0425-428B-40F3-BCCD-0F2A99B98FFD}.Debug|Any CPU.Build.0 = Debug|Any CPU
		{1CDD0425-428B-40F3-BCCD-0F2A99B98FFD}.Release|Any CPU.ActiveCfg = Release|Any CPU
		{1CDD0425-428B-40F3-BCCD-0F2A99B98FFD}.Release|Any CPU.Build.0 = Release|Any CPU
	EndGlobalSection
	GlobalSection(SolutionProperties) = preSolution
		HideSolutionNode = FALSE
	EndGlobalSection
	GlobalSection(ExtensibilityGlobals) = postSolution
		SolutionGuid = {AF0D588D-1B74-4CA5-A892-DF981DD47450}
	EndGlobalSection
EndGlobal
